
Microsoft Visual Studio Solution File, Format Version 12.00
# Visual Studio 15
VisualStudioVersion = 15.0.28307.572
MinimumVisualStudioVersion = 10.0.40219.1
Project("{9A19103F-16F7-4668-BE54-9A1E7A4F7556}") = "XMLParser", "XMLParser\XMLParser.csproj", "{D3023EC5-3996-473F-B776-E9FFB0614F6B}"
EndProject
Project("{FAE04EC0-301F-11D3-BF4B-00C04F79EFBC}") = "XMLStructure", "XMLStructure\XMLStructure.csproj", "{F615B13A-761D-419F-98C2-6DD349AF213E}"
EndProject
Project("{FAE04EC0-301F-11D3-BF4B-00C04F79EFBC}") = "XMLParser.ConsoleApp", "XMLParser.ConsoleApp\XMLParser.ConsoleApp.csproj", "{61B7EDA9-E2F1-4F8D-BC92-E6EA177C0409}"
EndProject
Project("{2150E333-8FDC-42A3-9474-1A3956D46DE8}") = "Web", "Web", "{1C3F5E14-C4AD-4E4D-BEB7-7629FDDB4D4C}"
EndProject
Project("{2150E333-8FDC-42A3-9474-1A3956D46DE8}") = "Console", "Console", "{2E95F6FD-E562-4345-9C4E-3EF843346812}"
EndProject
Project("{2150E333-8FDC-42A3-9474-1A3956D46DE8}") = "_Library", "_Library", "{8CE3CAB3-7BBC-4E33-A474-07ED96257235}"
EndProject
Project("{FAE04EC0-301F-11D3-BF4B-00C04F79EFBC}") = "XMLWebAPI", "XMLWebAPI\XMLWebAPI.csproj", "{FF370C62-F3B5-40DB-93EA-AAD64FD49154}"
EndProject
Global
	GlobalSection(SolutionConfigurationPlatforms) = preSolution
		Debug|Any CPU = Debug|Any CPU
		Release|Any CPU = Release|Any CPU
	EndGlobalSection
	GlobalSection(ProjectConfigurationPlatforms) = postSolution
		{D3023EC5-3996-473F-B776-E9FFB0614F6B}.Debug|Any CPU.ActiveCfg = Debug|Any CPU
		{D3023EC5-3996-473F-B776-E9FFB0614F6B}.Debug|Any CPU.Build.0 = Debug|Any CPU
		{D3023EC5-3996-473F-B776-E9FFB0614F6B}.Release|Any CPU.ActiveCfg = Release|Any CPU
		{D3023EC5-3996-473F-B776-E9FFB0614F6B}.Release|Any CPU.Build.0 = Release|Any CPU
		{F615B13A-761D-419F-98C2-6DD349AF213E}.Debug|Any CPU.ActiveCfg = Debug|Any CPU
		{F615B13A-761D-419F-98C2-6DD349AF213E}.Debug|Any CPU.Build.0 = Debug|Any CPU
		{F615B13A-761D-419F-98C2-6DD349AF213E}.Release|Any CPU.ActiveCfg = Release|Any CPU
		{F615B13A-761D-419F-98C2-6DD349AF213E}.Release|Any CPU.Build.0 = Release|Any CPU
		{61B7EDA9-E2F1-4F8D-BC92-E6EA177C0409}.Debug|Any CPU.ActiveCfg = Debug|Any CPU
		{61B7EDA9-E2F1-4F8D-BC92-E6EA177C0409}.Debug|Any CPU.Build.0 = Debug|Any CPU
		{61B7EDA9-E2F1-4F8D-BC92-E6EA177C0409}.Release|Any CPU.ActiveCfg = Release|Any CPU
		{61B7EDA9-E2F1-4F8D-BC92-E6EA177C0409}.Release|Any CPU.Build.0 = Release|Any CPU
		{FF370C62-F3B5-40DB-93EA-AAD64FD49154}.Debug|Any CPU.ActiveCfg = Debug|Any CPU
		{FF370C62-F3B5-40DB-93EA-AAD64FD49154}.Debug|Any CPU.Build.0 = Debug|Any CPU
		{FF370C62-F3B5-40DB-93EA-AAD64FD49154}.Release|Any CPU.ActiveCfg = Release|Any CPU
		{FF370C62-F3B5-40DB-93EA-AAD64FD49154}.Release|Any CPU.Build.0 = Release|Any CPU
	EndGlobalSection
	GlobalSection(SolutionProperties) = preSolution
		HideSolutionNode = FALSE
	EndGlobalSection
	GlobalSection(NestedProjects) = preSolution
		{D3023EC5-3996-473F-B776-E9FFB0614F6B} = {8CE3CAB3-7BBC-4E33-A474-07ED96257235}
		{F615B13A-761D-419F-98C2-6DD349AF213E} = {8CE3CAB3-7BBC-4E33-A474-07ED96257235}
		{61B7EDA9-E2F1-4F8D-BC92-E6EA177C0409} = {2E95F6FD-E562-4345-9C4E-3EF843346812}
		{FF370C62-F3B5-40DB-93EA-AAD64FD49154} = {1C3F5E14-C4AD-4E4D-BEB7-7629FDDB4D4C}
	EndGlobalSection
	GlobalSection(ExtensibilityGlobals) = postSolution
		SolutionGuid = {9B0ED4FB-E214-48D1-8785-291113E434A3}
	EndGlobalSection
EndGlobal
